
Microsoft Visual Studio Solution File, Format Version 11.00
# Visual Studio 2010
Project("{FAE04EC0-301F-11D3-BF4B-00C04F79EFBC}") = "OperarEtiquetas", "OperarEtiquetas\OperarEtiquetas.csproj", "{ED439E11-36C9-4623-A206-25928009C8B3}"
EndProject
Global
	GlobalSection(SolutionConfigurationPlatforms) = preSolution
		Debug|x86 = Debug|x86
		Release|x86 = Release|x86
	EndGlobalSection
	GlobalSection(ProjectConfigurationPlatforms) = postSolution
		{ED439E11-36C9-4623-A206-25928009C8B3}.Debug|x86.ActiveCfg = Debug|x86
		{ED439E11-36C9-4623-A206-25928009C8B3}.Debug|x86.Build.0 = Debug|x86
		{ED439E11-36C9-4623-A206-25928009C8B3}.Release|x86.ActiveCfg = Release|x86
		{ED439E11-36C9-4623-A206-25928009C8B3}.Release|x86.Build.0 = Release|x86
	EndGlobalSection
	GlobalSection(SolutionProperties) = preSolution
		HideSolutionNode = FALSE
	EndGlobalSection
EndGlobal
